// !$*UTF8*$!
{
	archiveVersion = 1;
	classes = {
	};
	objectVersion = 46;
	objects = {

/* Begin PBXBuildFile section */
		AB04FD021C712BAD00F08232 /* Images.xcassets in Resources */ = {isa = PBXBuildFile; fileRef = AB04FD011C712BAD00F08232 /* Images.xcassets */; };
		AB04FD051C712BB500F08232 /* AppDelegate.m in Sources */ = {isa = PBXBuildFile; fileRef = AB04FD041C712BB500F08232 /* AppDelegate.m */; };
		AB04FD0C1C712BDB00F08232 /* main.m in Sources */ = {isa = PBXBuildFile; fileRef = AB04FD0A1C712BDB00F08232 /* main.m */; };
		AB04FD131C712C6000F08232 /* MainMenu.xib in Resources */ = {isa = PBXBuildFile; fileRef = AB04FD111C712C6000F08232 /* MainMenu.xib */; };
		AB2B75261E86FC1C0021A2C8 /* SPKBookmarkHandler.m in Sources */ = {isa = PBXBuildFile; fileRef = AB2B75251E86FC1C0021A2C8 /* SPKBookmarkHandler.m */; };
		AB52BAA31EF0EB7E0082C5E9 /* WebKit.framework in Frameworks */ = {isa = PBXBuildFile; fileRef = AB83983B19817E15001D31B7 /* WebKit.framework */; };
		AB52BAA41EF0EB8D0082C5E9 /* Cocoa.framework in Frameworks */ = {isa = PBXBuildFile; fileRef = AB83980719817D8E001D31B7 /* Cocoa.framework */; };
		AB52BAA51EF0EBE90082C5E9 /* WebKit.framework in Embed Frameworks */ = {isa = PBXBuildFile; fileRef = AB83983B19817E15001D31B7 /* WebKit.framework */; settings = {ATTRIBUTES = (CodeSignOnCopy, RemoveHeadersOnCopy, ); }; };
		AB52BAA61EF0EBED0082C5E9 /* Cocoa.framework in Embed Frameworks */ = {isa = PBXBuildFile; fileRef = AB83980719817D8E001D31B7 /* Cocoa.framework */; settings = {ATTRIBUTES = (CodeSignOnCopy, RemoveHeadersOnCopy, ); }; };
		AB52BAA81EF0ECDA0082C5E9 /* Sparkle.framework in Embed Frameworks */ = {isa = PBXBuildFile; fileRef = AB7355551E82023B00DBEBA4 /* Sparkle.framework */; settings = {ATTRIBUTES = (CodeSignOnCopy, RemoveHeadersOnCopy, ); }; };
		AB52BAA91EF0ECE10082C5E9 /* Sparkle.framework in Frameworks */ = {isa = PBXBuildFile; fileRef = AB7355551E82023B00DBEBA4 /* Sparkle.framework */; };
		AB7355591E82024600DBEBA4 /* Sparkle.framework in Resources */ = {isa = PBXBuildFile; fileRef = AB7355551E82023B00DBEBA4 /* Sparkle.framework */; };
		AB8587B71D7C9DFE0073515C /* SparkIcon256.png in Resources */ = {isa = PBXBuildFile; fileRef = AB8587B61D7C9DFE0073515C /* SparkIcon256.png */; };
		ABA41D9F1D84DC2300F01B90 /* NSUserDefaults+ColorSupport.m in Sources */ = {isa = PBXBuildFile; fileRef = ABA41D9E1D84DC2300F01B90 /* NSUserDefaults+ColorSupport.m */; };
		ABB443631D84634C001D55C7 /* dsa_pub.pem in Resources */ = {isa = PBXBuildFile; fileRef = ABB443621D84634C001D55C7 /* dsa_pub.pem */; };
		ABE2C6FB1E22E500005CE2C3 /* bootstrap.min.js in Resources */ = {isa = PBXBuildFile; fileRef = ABE2C6F91E22E500005CE2C3 /* bootstrap.min.js */; };
		ABE2C6FC1E22E500005CE2C3 /* jquery.min.js in Resources */ = {isa = PBXBuildFile; fileRef = ABE2C6FA1E22E500005CE2C3 /* jquery.min.js */; };
		ABE2C6FE1E22E506005CE2C3 /* bootstrap.min.css in Resources */ = {isa = PBXBuildFile; fileRef = ABE2C6FD1E22E506005CE2C3 /* bootstrap.min.css */; };
		ABE2C7011E22E50E005CE2C3 /* ErrorIcon256.png in Resources */ = {isa = PBXBuildFile; fileRef = ABE2C6FF1E22E50E005CE2C3 /* ErrorIcon256.png */; };
		ABE2C7021E22E50E005CE2C3 /* InternetDisconnected.png in Resources */ = {isa = PBXBuildFile; fileRef = ABE2C7001E22E50E005CE2C3 /* InternetDisconnected.png */; };
		ABE2C7061E22E51D005CE2C3 /* stylesheet.css in Resources */ = {isa = PBXBuildFile; fileRef = ABE2C7051E22E51D005CE2C3 /* stylesheet.css */; };
		ABE2C7101E22E524005CE2C3 /* spark-about.html in Resources */ = {isa = PBXBuildFile; fileRef = ABE2C7071E22E524005CE2C3 /* spark-about.html */; };
		ABE2C7111E22E524005CE2C3 /* spark-cert-invalid.html in Resources */ = {isa = PBXBuildFile; fileRef = ABE2C7081E22E524005CE2C3 /* spark-cert-invalid.html */; };
		ABE2C7121E22E524005CE2C3 /* spark-connection-fail.html in Resources */ = {isa = PBXBuildFile; fileRef = ABE2C7091E22E524005CE2C3 /* spark-connection-fail.html */; };
		ABE2C7131E22E524005CE2C3 /* spark-disconnected.html in Resources */ = {isa = PBXBuildFile; fileRef = ABE2C70A1E22E524005CE2C3 /* spark-disconnected.html */; };
		ABE2C7141E22E524005CE2C3 /* spark-dns-failed.html in Resources */ = {isa = PBXBuildFile; fileRef = ABE2C70B1E22E524005CE2C3 /* spark-dns-failed.html */; };
		ABE2C7151E22E524005CE2C3 /* spark-invalid-url.html in Resources */ = {isa = PBXBuildFile; fileRef = ABE2C70C1E22E524005CE2C3 /* spark-invalid-url.html */; };
		ABE2C7161E22E524005CE2C3 /* spark-redirect-loop.html in Resources */ = {isa = PBXBuildFile; fileRef = ABE2C70D1E22E524005CE2C3 /* spark-redirect-loop.html */; };
		ABE2C7171E22E524005CE2C3 /* spark-urls.html in Resources */ = {isa = PBXBuildFile; fileRef = ABE2C70E1E22E524005CE2C3 /* spark-urls.html */; };
		ABE2C7181E22E524005CE2C3 /* spark-version.html in Resources */ = {isa = PBXBuildFile; fileRef = ABE2C70F1E22E524005CE2C3 /* spark-version.html */; };
		ABEB97521E85D2EE006C6533 /* SPKHistoryHandler.m in Sources */ = {isa = PBXBuildFile; fileRef = ABEB97511E85D2EE006C6533 /* SPKHistoryHandler.m */; };
		ABEB97611E85DCBF006C6533 /* SPKHistoryTable.m in Sources */ = {isa = PBXBuildFile; fileRef = ABEB97601E85DCBF006C6533 /* SPKHistoryTable.m */; };
		ABFEEAA31E946EAF005C9544 /* favicon.ico in Resources */ = {isa = PBXBuildFile; fileRef = ABFEEAA21E946EAF005C9544 /* favicon.ico */; };
/* End PBXBuildFile section */

/* Begin PBXCopyFilesBuildPhase section */
		ABBD6C1B1D37078100C48592 /* Embed Frameworks */ = {
			isa = PBXCopyFilesBuildPhase;
			buildActionMask = 12;
			dstPath = "";
			dstSubfolderSpec = 10;
			files = (
				AB52BAA81EF0ECDA0082C5E9 /* Sparkle.framework in Embed Frameworks */,
				AB52BAA61EF0EBED0082C5E9 /* Cocoa.framework in Embed Frameworks */,
				AB52BAA51EF0EBE90082C5E9 /* WebKit.framework in Embed Frameworks */,
			);
			name = "Embed Frameworks";
			runOnlyForDeploymentPostprocessing = 0;
		};
/* End PBXCopyFilesBuildPhase section */

/* Begin PBXFileReference section */
		AB04FD011C712BAD00F08232 /* Images.xcassets */ = {isa = PBXFileReference; lastKnownFileType = folder.assetcatalog; name = Images.xcassets; path = SparkWebBrowser/Images.xcassets; sourceTree = SOURCE_ROOT; };
		AB04FD031C712BB500F08232 /* AppDelegate.h */ = {isa = PBXFileReference; fileEncoding = 4; lastKnownFileType = sourcecode.c.h; name = AppDelegate.h; path = SparkWebBrowser/AppDelegate.h; sourceTree = SOURCE_ROOT; };
		AB04FD041C712BB500F08232 /* AppDelegate.m */ = {isa = PBXFileReference; fileEncoding = 4; lastKnownFileType = sourcecode.c.objc; name = AppDelegate.m; path = SparkWebBrowser/AppDelegate.m; sourceTree = SOURCE_ROOT; };
		AB04FD081C712BD700F08232 /* Spark-Info.plist */ = {isa = PBXFileReference; fileEncoding = 4; lastKnownFileType = text.plist.xml; name = "Spark-Info.plist"; path = "SparkWebBrowser/Spark-Info.plist"; sourceTree = SOURCE_ROOT; };
		AB04FD0A1C712BDB00F08232 /* main.m */ = {isa = PBXFileReference; fileEncoding = 4; lastKnownFileType = sourcecode.c.objc; name = main.m; path = SparkWebBrowser/main.m; sourceTree = SOURCE_ROOT; };
		AB04FD0B1C712BDB00F08232 /* Spark-Prefix.pch */ = {isa = PBXFileReference; fileEncoding = 4; lastKnownFileType = sourcecode.c.h; name = "Spark-Prefix.pch"; path = "SparkWebBrowser/Spark-Prefix.pch"; sourceTree = SOURCE_ROOT; };
		AB04FD121C712C6000F08232 /* Base */ = {isa = PBXFileReference; lastKnownFileType = file.xib; name = Base; path = SparkWebBrowser/Base.lproj/MainMenu.xib; sourceTree = SOURCE_ROOT; };
		AB2B75241E86FC1C0021A2C8 /* SPKBookmarkHandler.h */ = {isa = PBXFileReference; fileEncoding = 4; lastKnownFileType = sourcecode.c.h; name = SPKBookmarkHandler.h; path = SparkWebBrowser/SPKBookmarkHandler.h; sourceTree = SOURCE_ROOT; };
		AB2B75251E86FC1C0021A2C8 /* SPKBookmarkHandler.m */ = {isa = PBXFileReference; fileEncoding = 4; lastKnownFileType = sourcecode.c.objc; name = SPKBookmarkHandler.m; path = SparkWebBrowser/SPKBookmarkHandler.m; sourceTree = SOURCE_ROOT; };
		AB46C3621E930A30009F9BE0 /* Screenshot1.png */ = {isa = PBXFileReference; lastKnownFileType = image.png; path = Screenshot1.png; sourceTree = "<group>"; };
		AB46C3631E930A30009F9BE0 /* Screenshot2.png */ = {isa = PBXFileReference; lastKnownFileType = image.png; path = Screenshot2.png; sourceTree = "<group>"; };
		AB46C3641E930A30009F9BE0 /* Screenshot3.png */ = {isa = PBXFileReference; lastKnownFileType = image.png; path = Screenshot3.png; sourceTree = "<group>"; };
		AB46C3651E930A30009F9BE0 /* Screenshot4.png */ = {isa = PBXFileReference; lastKnownFileType = image.png; path = Screenshot4.png; sourceTree = "<group>"; };
		AB46C3661E930A30009F9BE0 /* Screenshot5.png */ = {isa = PBXFileReference; lastKnownFileType = image.png; path = Screenshot5.png; sourceTree = "<group>"; };
		AB7355551E82023B00DBEBA4 /* Sparkle.framework */ = {isa = PBXFileReference; lastKnownFileType = wrapper.framework; name = Sparkle.framework; path = SparkWebBrowser/Sparkle.framework; sourceTree = SOURCE_ROOT; };
		AB83980419817D8E001D31B7 /* Spark.app */ = {isa = PBXFileReference; explicitFileType = wrapper.application; includeInIndex = 0; path = Spark.app; sourceTree = BUILT_PRODUCTS_DIR; };
		AB83980719817D8E001D31B7 /* Cocoa.framework */ = {isa = PBXFileReference; lastKnownFileType = wrapper.framework; name = Cocoa.framework; path = System/Library/Frameworks/Cocoa.framework; sourceTree = SDKROOT; };
		AB83980A19817D8E001D31B7 /* AppKit.framework */ = {isa = PBXFileReference; lastKnownFileType = wrapper.framework; name = AppKit.framework; path = System/Library/Frameworks/AppKit.framework; sourceTree = SDKROOT; };
		AB83980B19817D8E001D31B7 /* CoreData.framework */ = {isa = PBXFileReference; lastKnownFileType = wrapper.framework; name = CoreData.framework; path = System/Library/Frameworks/CoreData.framework; sourceTree = SDKROOT; };
		AB83980C19817D8E001D31B7 /* Foundation.framework */ = {isa = PBXFileReference; lastKnownFileType = wrapper.framework; name = Foundation.framework; path = System/Library/Frameworks/Foundation.framework; sourceTree = SDKROOT; };
		AB83982619817D8E001D31B7 /* XCTest.framework */ = {isa = PBXFileReference; lastKnownFileType = wrapper.framework; name = XCTest.framework; path = Library/Frameworks/XCTest.framework; sourceTree = DEVELOPER_DIR; };
		AB83983B19817E15001D31B7 /* WebKit.framework */ = {isa = PBXFileReference; lastKnownFileType = wrapper.framework; name = WebKit.framework; path = System/Library/Frameworks/WebKit.framework; sourceTree = SDKROOT; };
		AB8587B61D7C9DFE0073515C /* SparkIcon256.png */ = {isa = PBXFileReference; lastKnownFileType = image.png; name = SparkIcon256.png; path = SparkWebBrowser/Images.xcassets/AppIcon256.imageset/SparkIcon256.png; sourceTree = SOURCE_ROOT; };
		ABA41D9D1D84DC2300F01B90 /* NSUserDefaults+ColorSupport.h */ = {isa = PBXFileReference; fileEncoding = 4; lastKnownFileType = sourcecode.c.h; name = "NSUserDefaults+ColorSupport.h"; path = "SparkWebBrowser/NSUserDefaults+ColorSupport.h"; sourceTree = SOURCE_ROOT; };
		ABA41D9E1D84DC2300F01B90 /* NSUserDefaults+ColorSupport.m */ = {isa = PBXFileReference; fileEncoding = 4; lastKnownFileType = sourcecode.c.objc; name = "NSUserDefaults+ColorSupport.m"; path = "SparkWebBrowser/NSUserDefaults+ColorSupport.m"; sourceTree = SOURCE_ROOT; };
		ABA872E11D7FA4140062EC6C /* .travis.yml */ = {isa = PBXFileReference; fileEncoding = 4; lastKnownFileType = text; path = .travis.yml; sourceTree = "<group>"; };
		ABB443621D84634C001D55C7 /* dsa_pub.pem */ = {isa = PBXFileReference; fileEncoding = 4; lastKnownFileType = text; path = dsa_pub.pem; sourceTree = SOURCE_ROOT; };
		ABBD6C101D3706B500C48592 /* Sparkle.framework */ = {isa = PBXFileReference; lastKnownFileType = wrapper.framework; name = Sparkle.framework; path = "../../../../../Downloads/Sparkle-1.14.0/Sparkle.framework"; sourceTree = "<group>"; };
		ABE2C6F91E22E500005CE2C3 /* bootstrap.min.js */ = {isa = PBXFileReference; fileEncoding = 4; lastKnownFileType = sourcecode.javascript; name = bootstrap.min.js; path = "SparkWebBrowser/URL Resources/bootstrap.min.js"; sourceTree = SOURCE_ROOT; };
		ABE2C6FA1E22E500005CE2C3 /* jquery.min.js */ = {isa = PBXFileReference; fileEncoding = 4; lastKnownFileType = sourcecode.javascript; name = jquery.min.js; path = "SparkWebBrowser/URL Resources/jquery.min.js"; sourceTree = SOURCE_ROOT; };
		ABE2C6FD1E22E506005CE2C3 /* bootstrap.min.css */ = {isa = PBXFileReference; fileEncoding = 4; lastKnownFileType = text.css; name = bootstrap.min.css; path = "SparkWebBrowser/URL Resources/bootstrap.min.css"; sourceTree = SOURCE_ROOT; };
		ABE2C6FF1E22E50E005CE2C3 /* ErrorIcon256.png */ = {isa = PBXFileReference; lastKnownFileType = image.png; name = ErrorIcon256.png; path = "SparkWebBrowser/URL Resources/ErrorIcon256.png"; sourceTree = SOURCE_ROOT; };
		ABE2C7001E22E50E005CE2C3 /* InternetDisconnected.png */ = {isa = PBXFileReference; lastKnownFileType = image.png; name = InternetDisconnected.png; path = "SparkWebBrowser/URL Resources/InternetDisconnected.png"; sourceTree = SOURCE_ROOT; };
		ABE2C7051E22E51D005CE2C3 /* stylesheet.css */ = {isa = PBXFileReference; fileEncoding = 4; lastKnownFileType = text.css; path = stylesheet.css; sourceTree = "<group>"; };
		ABE2C7071E22E524005CE2C3 /* spark-about.html */ = {isa = PBXFileReference; fileEncoding = 4; lastKnownFileType = text.html; path = "spark-about.html"; sourceTree = "<group>"; };
		ABE2C7081E22E524005CE2C3 /* spark-cert-invalid.html */ = {isa = PBXFileReference; fileEncoding = 4; lastKnownFileType = text.html; path = "spark-cert-invalid.html"; sourceTree = "<group>"; };
		ABE2C7091E22E524005CE2C3 /* spark-connection-fail.html */ = {isa = PBXFileReference; fileEncoding = 4; lastKnownFileType = text.html; path = "spark-connection-fail.html"; sourceTree = "<group>"; };
		ABE2C70A1E22E524005CE2C3 /* spark-disconnected.html */ = {isa = PBXFileReference; fileEncoding = 4; lastKnownFileType = text.html; path = "spark-disconnected.html"; sourceTree = "<group>"; };
		ABE2C70B1E22E524005CE2C3 /* spark-dns-failed.html */ = {isa = PBXFileReference; fileEncoding = 4; lastKnownFileType = text.html; path = "spark-dns-failed.html"; sourceTree = "<group>"; };
		ABE2C70C1E22E524005CE2C3 /* spark-invalid-url.html */ = {isa = PBXFileReference; fileEncoding = 4; lastKnownFileType = text.html; path = "spark-invalid-url.html"; sourceTree = "<group>"; };
		ABE2C70D1E22E524005CE2C3 /* spark-redirect-loop.html */ = {isa = PBXFileReference; fileEncoding = 4; lastKnownFileType = text.html; path = "spark-redirect-loop.html"; sourceTree = "<group>"; };
		ABE2C70E1E22E524005CE2C3 /* spark-urls.html */ = {isa = PBXFileReference; fileEncoding = 4; lastKnownFileType = text.html; path = "spark-urls.html"; sourceTree = "<group>"; };
		ABE2C70F1E22E524005CE2C3 /* spark-version.html */ = {isa = PBXFileReference; fileEncoding = 4; lastKnownFileType = text.html; path = "spark-version.html"; sourceTree = "<group>"; };
		ABEB97501E85D2EE006C6533 /* SPKHistoryHandler.h */ = {isa = PBXFileReference; fileEncoding = 4; lastKnownFileType = sourcecode.c.h; name = SPKHistoryHandler.h; path = SparkWebBrowser/SPKHistoryHandler.h; sourceTree = SOURCE_ROOT; };
		ABEB97511E85D2EE006C6533 /* SPKHistoryHandler.m */ = {isa = PBXFileReference; fileEncoding = 4; lastKnownFileType = sourcecode.c.objc; name = SPKHistoryHandler.m; path = SparkWebBrowser/SPKHistoryHandler.m; sourceTree = SOURCE_ROOT; };
		ABEB975F1E85DCBF006C6533 /* SPKHistoryTable.h */ = {isa = PBXFileReference; fileEncoding = 4; lastKnownFileType = sourcecode.c.h; name = SPKHistoryTable.h; path = SparkWebBrowser/SPKHistoryTable.h; sourceTree = SOURCE_ROOT; };
		ABEB97601E85DCBF006C6533 /* SPKHistoryTable.m */ = {isa = PBXFileReference; fileEncoding = 4; lastKnownFileType = sourcecode.c.objc; name = SPKHistoryTable.m; path = SparkWebBrowser/SPKHistoryTable.m; sourceTree = SOURCE_ROOT; };
		ABFEEAA21E946EAF005C9544 /* favicon.ico */ = {isa = PBXFileReference; lastKnownFileType = image.ico; path = favicon.ico; sourceTree = "<group>"; };
/* End PBXFileReference section */

/* Begin PBXFrameworksBuildPhase section */
		AB83980119817D8E001D31B7 /* Frameworks */ = {
			isa = PBXFrameworksBuildPhase;
			buildActionMask = 2147483647;
			files = (
				AB52BAA41EF0EB8D0082C5E9 /* Cocoa.framework in Frameworks */,
				AB52BAA31EF0EB7E0082C5E9 /* WebKit.framework in Frameworks */,
				AB52BAA91EF0ECE10082C5E9 /* Sparkle.framework in Frameworks */,
			);
			runOnlyForDeploymentPostprocessing = 0;
		};
/* End PBXFrameworksBuildPhase section */

/* Begin PBXGroup section */
		AB8397FB19817D8D001D31B7 = {
			isa = PBXGroup;
			children = (
				ABA872E11D7FA4140062EC6C /* .travis.yml */,
				ABAC55AE1D7B596400CF393B /* Screenshots */,
				AB83980D19817D8E001D31B7 /* Spark */,
				AB83980619817D8E001D31B7 /* Frameworks */,
				AB83980519817D8E001D31B7 /* Products */,
				ABBA53E81D85E0BE00D3B691 /* URL Resources */,
			);
			sourceTree = "<group>";
		};
		AB83980519817D8E001D31B7 /* Products */ = {
			isa = PBXGroup;
			children = (
				AB83980419817D8E001D31B7 /* Spark.app */,
			);
			name = Products;
			sourceTree = "<group>";
		};
		AB83980619817D8E001D31B7 /* Frameworks */ = {
			isa = PBXGroup;
			children = (
				ABBD6C101D3706B500C48592 /* Sparkle.framework */,
				AB83983B19817E15001D31B7 /* WebKit.framework */,
				AB83980719817D8E001D31B7 /* Cocoa.framework */,
				AB83982619817D8E001D31B7 /* XCTest.framework */,
				AB83980919817D8E001D31B7 /* Other Frameworks */,
			);
			name = Frameworks;
			sourceTree = "<group>";
		};
		AB83980919817D8E001D31B7 /* Other Frameworks */ = {
			isa = PBXGroup;
			children = (
				AB83980A19817D8E001D31B7 /* AppKit.framework */,
				AB83980B19817D8E001D31B7 /* CoreData.framework */,
				AB83980C19817D8E001D31B7 /* Foundation.framework */,
			);
			name = "Other Frameworks";
			sourceTree = "<group>";
		};
		AB83980D19817D8E001D31B7 /* Spark */ = {
			isa = PBXGroup;
			children = (
				ABA41DA51D84E40600F01B90 /* Frameworks */,
				AB04FD031C712BB500F08232 /* AppDelegate.h */,
				AB04FD041C712BB500F08232 /* AppDelegate.m */,
				AB2B75241E86FC1C0021A2C8 /* SPKBookmarkHandler.h */,
				AB2B75251E86FC1C0021A2C8 /* SPKBookmarkHandler.m */,
				ABEB97501E85D2EE006C6533 /* SPKHistoryHandler.h */,
				ABEB97511E85D2EE006C6533 /* SPKHistoryHandler.m */,
				ABEB975F1E85DCBF006C6533 /* SPKHistoryTable.h */,
				ABEB97601E85DCBF006C6533 /* SPKHistoryTable.m */,
				ABA41D9D1D84DC2300F01B90 /* NSUserDefaults+ColorSupport.h */,
				ABA41D9E1D84DC2300F01B90 /* NSUserDefaults+ColorSupport.m */,
				AB04FD111C712C6000F08232 /* MainMenu.xib */,
				AB04FD011C712BAD00F08232 /* Images.xcassets */,
				AB83980E19817D8E001D31B7 /* Supporting Files */,
			);
			name = Spark;
			path = "Web Browser";
			sourceTree = "<group>";
		};
		AB83980E19817D8E001D31B7 /* Supporting Files */ = {
			isa = PBXGroup;
			children = (
				ABAC7A7A1DB3254A0087FF6B /* JavaScript */,
				ABAC7A791DB325460087FF6B /* CSS */,
				ABAC7A781DB325420087FF6B /* Images */,
				AB04FD081C712BD700F08232 /* Spark-Info.plist */,
				AB04FD0A1C712BDB00F08232 /* main.m */,
				AB04FD0B1C712BDB00F08232 /* Spark-Prefix.pch */,
				ABB443621D84634C001D55C7 /* dsa_pub.pem */,
			);
			name = "Supporting Files";
			sourceTree = "<group>";
		};
		ABA41DA51D84E40600F01B90 /* Frameworks */ = {
			isa = PBXGroup;
			children = (
				AB7355551E82023B00DBEBA4 /* Sparkle.framework */,
			);
			name = Frameworks;
			sourceTree = "<group>";
		};
		ABAC55AE1D7B596400CF393B /* Screenshots */ = {
			isa = PBXGroup;
			children = (
				AB46C3621E930A30009F9BE0 /* Screenshot1.png */,
				AB46C3631E930A30009F9BE0 /* Screenshot2.png */,
				AB46C3641E930A30009F9BE0 /* Screenshot3.png */,
				AB46C3651E930A30009F9BE0 /* Screenshot4.png */,
				AB46C3661E930A30009F9BE0 /* Screenshot5.png */,
			);
			path = Screenshots;
			sourceTree = "<group>";
		};
		ABAC7A701DB324C50087FF6B /* CSS */ = {
			isa = PBXGroup;
			children = (
				ABE2C7051E22E51D005CE2C3 /* stylesheet.css */,
			);
			name = CSS;
			sourceTree = "<group>";
		};
		ABAC7A721DB324D30087FF6B /* Images */ = {
			isa = PBXGroup;
			children = (
				ABFEEAA21E946EAF005C9544 /* favicon.ico */,
			);
			name = Images;
			sourceTree = "<group>";
		};
		ABAC7A731DB324DE0087FF6B /* HTML */ = {
			isa = PBXGroup;
			children = (
				ABE2C7071E22E524005CE2C3 /* spark-about.html */,
				ABE2C7081E22E524005CE2C3 /* spark-cert-invalid.html */,
				ABE2C7091E22E524005CE2C3 /* spark-connection-fail.html */,
				ABE2C70A1E22E524005CE2C3 /* spark-disconnected.html */,
				ABE2C70B1E22E524005CE2C3 /* spark-dns-failed.html */,
				ABE2C70C1E22E524005CE2C3 /* spark-invalid-url.html */,
				ABE2C70D1E22E524005CE2C3 /* spark-redirect-loop.html */,
				ABE2C70E1E22E524005CE2C3 /* spark-urls.html */,
				ABE2C70F1E22E524005CE2C3 /* spark-version.html */,
			);
			name = HTML;
			sourceTree = "<group>";
		};
		ABAC7A781DB325420087FF6B /* Images */ = {
			isa = PBXGroup;
			children = (
				AB8587B61D7C9DFE0073515C /* SparkIcon256.png */,
				ABE2C6FF1E22E50E005CE2C3 /* ErrorIcon256.png */,
				ABE2C7001E22E50E005CE2C3 /* InternetDisconnected.png */,
			);
			name = Images;
			sourceTree = "<group>";
		};
		ABAC7A791DB325460087FF6B /* CSS */ = {
			isa = PBXGroup;
			children = (
				ABE2C6FD1E22E506005CE2C3 /* bootstrap.min.css */,
			);
			name = CSS;
			sourceTree = "<group>";
		};
		ABAC7A7A1DB3254A0087FF6B /* JavaScript */ = {
			isa = PBXGroup;
			children = (
				ABE2C6F91E22E500005CE2C3 /* bootstrap.min.js */,
				ABE2C6FA1E22E500005CE2C3 /* jquery.min.js */,
			);
			name = JavaScript;
			sourceTree = "<group>";
		};
		ABBA53E81D85E0BE00D3B691 /* URL Resources */ = {
			isa = PBXGroup;
			children = (
				ABAC7A731DB324DE0087FF6B /* HTML */,
				ABAC7A721DB324D30087FF6B /* Images */,
				ABAC7A701DB324C50087FF6B /* CSS */,
			);
			name = "URL Resources";
			path = "SparkWebBrowser/URL Resources";
			sourceTree = "<group>";
		};
/* End PBXGroup section */

/* Begin PBXNativeTarget section */
		AB83980319817D8E001D31B7 /* Spark */ = {
			isa = PBXNativeTarget;
			buildConfigurationList = AB83983519817D8E001D31B7 /* Build configuration list for PBXNativeTarget "Spark" */;
			buildPhases = (
				AB83980019817D8E001D31B7 /* Sources */,
				AB83980119817D8E001D31B7 /* Frameworks */,
				AB83980219817D8E001D31B7 /* Resources */,
				ABBD6C1B1D37078100C48592 /* Embed Frameworks */,
			);
			buildRules = (
			);
			dependencies = (
			);
			name = Spark;
			productName = "Web Browser";
			productReference = AB83980419817D8E001D31B7 /* Spark.app */;
			productType = "com.apple.product-type.application";
		};
/* End PBXNativeTarget section */

/* Begin PBXProject section */
		AB8397FC19817D8D001D31B7 /* Project object */ = {
			isa = PBXProject;
			attributes = {
				LastUpgradeCheck = 0900;
				ORGANIZATIONNAME = Insleep;
				TargetAttributes = {
					AB83980319817D8E001D31B7 = {
						LastSwiftMigration = 0820;
						ProvisioningStyle = Automatic;
					};
				};
			};
			buildConfigurationList = AB8397FF19817D8D001D31B7 /* Build configuration list for PBXProject "Spark" */;
			compatibilityVersion = "Xcode 3.2";
			developmentRegion = English;
			hasScannedForEncodings = 0;
			knownRegions = (
				en,
				Base,
			);
			mainGroup = AB8397FB19817D8D001D31B7;
			productRefGroup = AB83980519817D8E001D31B7 /* Products */;
			projectDirPath = "";
			projectRoot = "";
			targets = (
				AB83980319817D8E001D31B7 /* Spark */,
			);
		};
/* End PBXProject section */

/* Begin PBXResourcesBuildPhase section */
		AB83980219817D8E001D31B7 /* Resources */ = {
			isa = PBXResourcesBuildPhase;
			buildActionMask = 2147483647;
			files = (
				AB7355591E82024600DBEBA4 /* Sparkle.framework in Resources */,
				ABE2C7161E22E524005CE2C3 /* spark-redirect-loop.html in Resources */,
				ABE2C7171E22E524005CE2C3 /* spark-urls.html in Resources */,
				AB04FD021C712BAD00F08232 /* Images.xcassets in Resources */,
				ABE2C7111E22E524005CE2C3 /* spark-cert-invalid.html in Resources */,
				ABE2C7121E22E524005CE2C3 /* spark-connection-fail.html in Resources */,
				ABE2C6FB1E22E500005CE2C3 /* bootstrap.min.js in Resources */,
				ABE2C6FE1E22E506005CE2C3 /* bootstrap.min.css in Resources */,
				AB8587B71D7C9DFE0073515C /* SparkIcon256.png in Resources */,
				AB04FD131C712C6000F08232 /* MainMenu.xib in Resources */,
				ABE2C6FC1E22E500005CE2C3 /* jquery.min.js in Resources */,
				ABE2C7061E22E51D005CE2C3 /* stylesheet.css in Resources */,
				ABE2C7021E22E50E005CE2C3 /* InternetDisconnected.png in Resources */,
				ABE2C7131E22E524005CE2C3 /* spark-disconnected.html in Resources */,
				ABE2C7181E22E524005CE2C3 /* spark-version.html in Resources */,
				ABE2C7101E22E524005CE2C3 /* spark-about.html in Resources */,
				ABB443631D84634C001D55C7 /* dsa_pub.pem in Resources */,
				ABE2C7011E22E50E005CE2C3 /* ErrorIcon256.png in Resources */,
				ABE2C7151E22E524005CE2C3 /* spark-invalid-url.html in Resources */,
				ABE2C7141E22E524005CE2C3 /* spark-dns-failed.html in Resources */,
				ABFEEAA31E946EAF005C9544 /* favicon.ico in Resources */,
			);
			runOnlyForDeploymentPostprocessing = 0;
		};
/* End PBXResourcesBuildPhase section */

/* Begin PBXSourcesBuildPhase section */
		AB83980019817D8E001D31B7 /* Sources */ = {
			isa = PBXSourcesBuildPhase;
			buildActionMask = 2147483647;
			files = (
				ABEB97521E85D2EE006C6533 /* SPKHistoryHandler.m in Sources */,
				ABA41D9F1D84DC2300F01B90 /* NSUserDefaults+ColorSupport.m in Sources */,
				ABEB97611E85DCBF006C6533 /* SPKHistoryTable.m in Sources */,
				AB2B75261E86FC1C0021A2C8 /* SPKBookmarkHandler.m in Sources */,
				AB04FD0C1C712BDB00F08232 /* main.m in Sources */,
				AB04FD051C712BB500F08232 /* AppDelegate.m in Sources */,
			);
			runOnlyForDeploymentPostprocessing = 0;
		};
/* End PBXSourcesBuildPhase section */

/* Begin PBXVariantGroup section */
		AB04FD111C712C6000F08232 /* MainMenu.xib */ = {
			isa = PBXVariantGroup;
			children = (
				AB04FD121C712C6000F08232 /* Base */,
			);
			name = MainMenu.xib;
			sourceTree = "<group>";
		};
/* End PBXVariantGroup section */

/* Begin XCBuildConfiguration section */
		AB83983319817D8E001D31B7 /* Debug */ = {
			isa = XCBuildConfiguration;
			buildSettings = {
				ALWAYS_SEARCH_USER_PATHS = NO;
				CLANG_CXX_LANGUAGE_STANDARD = "gnu++0x";
				CLANG_CXX_LIBRARY = "libc++";
				CLANG_ENABLE_MODULES = YES;
				CLANG_ENABLE_OBJC_ARC = YES;
				CLANG_WARN_BLOCK_CAPTURE_AUTORELEASING = YES;
				CLANG_WARN_BOOL_CONVERSION = YES;
				CLANG_WARN_COMMA = YES;
				CLANG_WARN_CONSTANT_CONVERSION = YES;
				CLANG_WARN_DIRECT_OBJC_ISA_USAGE = YES_ERROR;
				CLANG_WARN_EMPTY_BODY = YES;
				CLANG_WARN_ENUM_CONVERSION = YES;
				CLANG_WARN_INFINITE_RECURSION = YES;
				CLANG_WARN_INT_CONVERSION = YES;
				CLANG_WARN_NON_LITERAL_NULL_CONVERSION = YES;
				CLANG_WARN_OBJC_LITERAL_CONVERSION = YES;
				CLANG_WARN_OBJC_ROOT_CLASS = YES_ERROR;
				CLANG_WARN_RANGE_LOOP_ANALYSIS = YES;
				CLANG_WARN_STRICT_PROTOTYPES = YES;
				CLANG_WARN_SUSPICIOUS_MOVE = YES;
				CLANG_WARN_UNREACHABLE_CODE = YES;
				CLANG_WARN__DUPLICATE_METHOD_MATCH = YES;
				COPY_PHASE_STRIP = NO;
				ENABLE_STRICT_OBJC_MSGSEND = YES;
				ENABLE_TESTABILITY = YES;
				FRAMEWORK_SEARCH_PATHS = (
					"$(inherited)",
					"$(SDKROOT)/Developer/Library/Frameworks\n",
				);
				GCC_C_LANGUAGE_STANDARD = gnu99;
				GCC_DYNAMIC_NO_PIC = NO;
				GCC_ENABLE_OBJC_EXCEPTIONS = YES;
				GCC_NO_COMMON_BLOCKS = YES;
				GCC_OPTIMIZATION_LEVEL = 0;
				GCC_PREPROCESSOR_DEFINITIONS = (
					"DEBUG=1",
					"$(inherited)",
				);
				GCC_SYMBOLS_PRIVATE_EXTERN = NO;
				GCC_WARN_64_TO_32_BIT_CONVERSION = YES;
				GCC_WARN_ABOUT_RETURN_TYPE = YES_ERROR;
				GCC_WARN_UNDECLARED_SELECTOR = YES;
				GCC_WARN_UNINITIALIZED_AUTOS = YES_AGGRESSIVE;
				GCC_WARN_UNUSED_FUNCTION = YES;
				GCC_WARN_UNUSED_VARIABLE = YES;
				MACOSX_DEPLOYMENT_TARGET = 10.11;
				ONLY_ACTIVE_ARCH = YES;
				SDKROOT = macosx;
			};
			name = Debug;
		};
		AB83983419817D8E001D31B7 /* Release */ = {
			isa = XCBuildConfiguration;
			buildSettings = {
				ALWAYS_SEARCH_USER_PATHS = NO;
				CLANG_CXX_LANGUAGE_STANDARD = "gnu++0x";
				CLANG_CXX_LIBRARY = "libc++";
				CLANG_ENABLE_MODULES = YES;
				CLANG_ENABLE_OBJC_ARC = YES;
				CLANG_WARN_BLOCK_CAPTURE_AUTORELEASING = YES;
				CLANG_WARN_BOOL_CONVERSION = YES;
				CLANG_WARN_COMMA = YES;
				CLANG_WARN_CONSTANT_CONVERSION = YES;
				CLANG_WARN_DIRECT_OBJC_ISA_USAGE = YES_ERROR;
				CLANG_WARN_EMPTY_BODY = YES;
				CLANG_WARN_ENUM_CONVERSION = YES;
				CLANG_WARN_INFINITE_RECURSION = YES;
				CLANG_WARN_INT_CONVERSION = YES;
				CLANG_WARN_NON_LITERAL_NULL_CONVERSION = YES;
				CLANG_WARN_OBJC_LITERAL_CONVERSION = YES;
				CLANG_WARN_OBJC_ROOT_CLASS = YES_ERROR;
				CLANG_WARN_RANGE_LOOP_ANALYSIS = YES;
				CLANG_WARN_STRICT_PROTOTYPES = YES;
				CLANG_WARN_SUSPICIOUS_MOVE = YES;
				CLANG_WARN_UNREACHABLE_CODE = YES;
				CLANG_WARN__DUPLICATE_METHOD_MATCH = YES;
				COPY_PHASE_STRIP = YES;
				DEBUG_INFORMATION_FORMAT = "dwarf-with-dsym";
				ENABLE_NS_ASSERTIONS = NO;
				ENABLE_STRICT_OBJC_MSGSEND = YES;
				FRAMEWORK_SEARCH_PATHS = (
					"$(inherited)",
					"$(SDKROOT)/Developer/Library/Frameworks\n",
				);
				GCC_C_LANGUAGE_STANDARD = gnu99;
				GCC_ENABLE_OBJC_EXCEPTIONS = YES;
				GCC_NO_COMMON_BLOCKS = YES;
				GCC_WARN_64_TO_32_BIT_CONVERSION = YES;
				GCC_WARN_ABOUT_RETURN_TYPE = YES_ERROR;
				GCC_WARN_UNDECLARED_SELECTOR = YES;
				GCC_WARN_UNINITIALIZED_AUTOS = YES_AGGRESSIVE;
				GCC_WARN_UNUSED_FUNCTION = YES;
				GCC_WARN_UNUSED_VARIABLE = YES;
				MACOSX_DEPLOYMENT_TARGET = 10.11;
				SDKROOT = macosx;
			};
			name = Release;
		};
		AB83983619817D8E001D31B7 /* Debug */ = {
			isa = XCBuildConfiguration;
			buildSettings = {
				ASSETCATALOG_COMPILER_APPICON_NAME = AppIcon;
				CLANG_ENABLE_MODULES = YES;
				COMBINE_HIDPI_IMAGES = YES;
				DEVELOPMENT_TEAM = "";
				FRAMEWORK_SEARCH_PATHS = (
					"$(PROJECT_DIR)/SparkWebBrowser",
					"$(PROJECT_DIR)",
				);
				GCC_PRECOMPILE_PREFIX_HEADER = YES;
				GCC_PREFIX_HEADER = "SparkWebBrowser/Spark-Prefix.pch";
				GCC_WARN_ABOUT_DEPRECATED_FUNCTIONS = NO;
				INFOPLIST_FILE = "SparkWebBrowser/Spark-Info.plist";
				LD_RUNPATH_SEARCH_PATHS = "$(inherited) @executable_path/../Frameworks @loader_path/../Frameworks";
				MACOSX_DEPLOYMENT_TARGET = 10.11;
				PRODUCT_BUNDLE_IDENTIFIER = com.insleep.SparkWebBrowser;
				PRODUCT_NAME = Spark;
				PROVISIONING_PROFILE = "";
				PROVISIONING_PROFILE_SPECIFIER = "";
				SUPPORTED_PLATFORMS = macosx;
				SWIFT_OBJC_BRIDGING_HEADER = "";
				SWIFT_OPTIMIZATION_LEVEL = "-Onone";
				SWIFT_VERSION = 3.0;
				WRAPPER_EXTENSION = app;
			};
			name = Debug;
		};
		AB83983719817D8E001D31B7 /* Release */ = {
			isa = XCBuildConfiguration;
			buildSettings = {
				ASSETCATALOG_COMPILER_APPICON_NAME = AppIcon;
				CLANG_ENABLE_MODULES = YES;
				COMBINE_HIDPI_IMAGES = YES;
				DEVELOPMENT_TEAM = "";
				FRAMEWORK_SEARCH_PATHS = (
					"$(PROJECT_DIR)/SparkWebBrowser",
					"$(PROJECT_DIR)",
				);
				GCC_PRECOMPILE_PREFIX_HEADER = YES;
				GCC_PREFIX_HEADER = "SparkWebBrowser/Spark-Prefix.pch";
				GCC_WARN_ABOUT_DEPRECATED_FUNCTIONS = NO;
				INFOPLIST_FILE = "SparkWebBrowser/Spark-Info.plist";
				LD_RUNPATH_SEARCH_PATHS = "$(inherited) @executable_path/../Frameworks @loader_path/../Frameworks";
				MACOSX_DEPLOYMENT_TARGET = 10.11;
				PRODUCT_BUNDLE_IDENTIFIER = com.insleep.SparkWebBrowser;
				PRODUCT_NAME = Spark;
				PROVISIONING_PROFILE = "";
				PROVISIONING_PROFILE_SPECIFIER = "";
				SUPPORTED_PLATFORMS = macosx;
				SWIFT_OBJC_BRIDGING_HEADER = "";
				SWIFT_VERSION = 3.0;
				WRAPPER_EXTENSION = app;
			};
			name = Release;
		};
/* End XCBuildConfiguration section */

/* Begin XCConfigurationList section */
		AB8397FF19817D8D001D31B7 /* Build configuration list for PBXProject "Spark" */ = {
			isa = XCConfigurationList;
			buildConfigurations = (
				AB83983319817D8E001D31B7 /* Debug */,
				AB83983419817D8E001D31B7 /* Release */,
			);
			defaultConfigurationIsVisible = 0;
			defaultConfigurationName = Release;
		};
		AB83983519817D8E001D31B7 /* Build configuration list for PBXNativeTarget "Spark" */ = {
			isa = XCConfigurationList;
			buildConfigurations = (
				AB83983619817D8E001D31B7 /* Debug */,
				AB83983719817D8E001D31B7 /* Release */,
			);
			defaultConfigurationIsVisible = 0;
			defaultConfigurationName = Release;
		};
/* End XCConfigurationList section */
	};
	rootObject = AB8397FC19817D8D001D31B7 /* Project object */;
}
