// !$*UTF8*$!
{
	archiveVersion = 1;
	classes = {
	};
	objectVersion = 46;
	objects = {

/* Begin PBXBuildFile section */
		AB04FD021C712BAD00F08232 /* Images.xcassets in Resources */ = {isa = PBXBuildFile; fileRef = AB04FD011C712BAD00F08232 /* Images.xcassets */; };
		AB04FD051C712BB500F08232 /* AppDelegate.m in Sources */ = {isa = PBXBuildFile; fileRef = AB04FD041C712BB500F08232 /* AppDelegate.m */; };
		AB04FD0C1C712BDB00F08232 /* main.m in Sources */ = {isa = PBXBuildFile; fileRef = AB04FD0A1C712BDB00F08232 /* main.m */; };
		AB04FD0F1C712BE900F08232 /* Spark Web BrowserTests-Info.plist in Resources */ = {isa = PBXBuildFile; fileRef = AB04FD0D1C712BE900F08232 /* Spark Web BrowserTests-Info.plist */; };
		AB04FD131C712C6000F08232 /* MainMenu.xib in Resources */ = {isa = PBXBuildFile; fileRef = AB04FD111C712C6000F08232 /* MainMenu.xib */; };
		AB04FD181C712C7100F08232 /* Credits.rtf in Resources */ = {isa = PBXBuildFile; fileRef = AB04FD141C712C7100F08232 /* Credits.rtf */; };
		AB04FD191C712C7100F08232 /* InfoPlist.strings in Resources */ = {isa = PBXBuildFile; fileRef = AB04FD161C712C7100F08232 /* InfoPlist.strings */; };
		AB04FD2F1C712D2D00F08232 /* WebKit.framework in Embed Frameworks */ = {isa = PBXBuildFile; fileRef = AB83983B19817E15001D31B7 /* WebKit.framework */; settings = {ATTRIBUTES = (CodeSignOnCopy, RemoveHeadersOnCopy, ); }; };
		AB04FD311C712D2D00F08232 /* Cocoa.framework in Embed Frameworks */ = {isa = PBXBuildFile; fileRef = AB83980719817D8E001D31B7 /* Cocoa.framework */; settings = {ATTRIBUTES = (CodeSignOnCopy, RemoveHeadersOnCopy, ); }; };
		AB04FD331C712D5200F08232 /* Cocoa.framework in Frameworks */ = {isa = PBXBuildFile; fileRef = AB83980719817D8E001D31B7 /* Cocoa.framework */; };
		AB04FD341C712D5600F08232 /* WebKit.framework in Frameworks */ = {isa = PBXBuildFile; fileRef = AB83983B19817E15001D31B7 /* WebKit.framework */; };
		AB124B5D1CDEDC8F00BAE438 /* WebViewHandler.m in Sources */ = {isa = PBXBuildFile; fileRef = AB124B5C1CDEDC8F00BAE438 /* WebViewHandler.m */; };
		AB1E724F1C712ED600699E69 /* SparkWebBrowserTests.m in Sources */ = {isa = PBXBuildFile; fileRef = AB1E724E1C712ED600699E69 /* SparkWebBrowserTests.m */; };
		AB83982719817D8E001D31B7 /* XCTest.framework in Frameworks */ = {isa = PBXBuildFile; fileRef = AB83982619817D8E001D31B7 /* XCTest.framework */; };
		AB83982819817D8E001D31B7 /* Cocoa.framework in Frameworks */ = {isa = PBXBuildFile; fileRef = AB83980719817D8E001D31B7 /* Cocoa.framework */; };
		AB83983019817D8E001D31B7 /* InfoPlist.strings in Resources */ = {isa = PBXBuildFile; fileRef = AB83982E19817D8E001D31B7 /* InfoPlist.strings */; };
/* End PBXBuildFile section */

/* Begin PBXContainerItemProxy section */
		AB83982919817D8E001D31B7 /* PBXContainerItemProxy */ = {
			isa = PBXContainerItemProxy;
			containerPortal = AB8397FC19817D8D001D31B7 /* Project object */;
			proxyType = 1;
			remoteGlobalIDString = AB83980319817D8E001D31B7;
			remoteInfo = "Web Browser";
		};
/* End PBXContainerItemProxy section */

/* Begin PBXCopyFilesBuildPhase section */
		AB04FD321C712D2D00F08232 /* Embed Frameworks */ = {
			isa = PBXCopyFilesBuildPhase;
			buildActionMask = 2147483647;
			dstPath = "";
			dstSubfolderSpec = 10;
			files = (
				AB04FD311C712D2D00F08232 /* Cocoa.framework in Embed Frameworks */,
				AB04FD2F1C712D2D00F08232 /* WebKit.framework in Embed Frameworks */,
			);
			name = "Embed Frameworks";
			runOnlyForDeploymentPostprocessing = 0;
		};
/* End PBXCopyFilesBuildPhase section */

/* Begin PBXFileReference section */
		AB04FD011C712BAD00F08232 /* Images.xcassets */ = {isa = PBXFileReference; lastKnownFileType = folder.assetcatalog; name = Images.xcassets; path = SparkWebBrowser/Images.xcassets; sourceTree = SOURCE_ROOT; };
		AB04FD031C712BB500F08232 /* AppDelegate.h */ = {isa = PBXFileReference; fileEncoding = 4; lastKnownFileType = sourcecode.c.h; name = AppDelegate.h; path = SparkWebBrowser/AppDelegate.h; sourceTree = SOURCE_ROOT; };
		AB04FD041C712BB500F08232 /* AppDelegate.m */ = {isa = PBXFileReference; fileEncoding = 4; lastKnownFileType = sourcecode.c.objc; name = AppDelegate.m; path = SparkWebBrowser/AppDelegate.m; sourceTree = SOURCE_ROOT; };
		AB04FD081C712BD700F08232 /* Spark Web Browser-Info.plist */ = {isa = PBXFileReference; fileEncoding = 4; lastKnownFileType = text.plist.xml; name = "Spark Web Browser-Info.plist"; path = "SparkWebBrowser/Spark Web Browser-Info.plist"; sourceTree = SOURCE_ROOT; };
		AB04FD0A1C712BDB00F08232 /* main.m */ = {isa = PBXFileReference; fileEncoding = 4; lastKnownFileType = sourcecode.c.objc; name = main.m; path = SparkWebBrowser/main.m; sourceTree = SOURCE_ROOT; };
		AB04FD0B1C712BDB00F08232 /* Spark Web Browser-Prefix.pch */ = {isa = PBXFileReference; fileEncoding = 4; lastKnownFileType = sourcecode.c.h; name = "Spark Web Browser-Prefix.pch"; path = "SparkWebBrowser/Spark Web Browser-Prefix.pch"; sourceTree = SOURCE_ROOT; };
		AB04FD0D1C712BE900F08232 /* Spark Web BrowserTests-Info.plist */ = {isa = PBXFileReference; fileEncoding = 4; lastKnownFileType = text.plist.xml; name = "Spark Web BrowserTests-Info.plist"; path = "SparkWebBrowserTests/Spark Web BrowserTests-Info.plist"; sourceTree = SOURCE_ROOT; };
		AB04FD121C712C6000F08232 /* Base */ = {isa = PBXFileReference; lastKnownFileType = file.xib; name = Base; path = SparkWebBrowser/Base.lproj/MainMenu.xib; sourceTree = SOURCE_ROOT; };
		AB04FD151C712C7100F08232 /* en */ = {isa = PBXFileReference; lastKnownFileType = text.rtf; name = en; path = SparkWebBrowser/en.lproj/Credits.rtf; sourceTree = SOURCE_ROOT; };
		AB04FD171C712C7100F08232 /* en */ = {isa = PBXFileReference; lastKnownFileType = text.plist.strings; name = en; path = SparkWebBrowser/en.lproj/InfoPlist.strings; sourceTree = SOURCE_ROOT; };
		AB124B5B1CDEDC8F00BAE438 /* WebViewHandler.h */ = {isa = PBXFileReference; fileEncoding = 4; lastKnownFileType = sourcecode.c.h; path = WebViewHandler.h; sourceTree = SOURCE_ROOT; };
		AB124B5C1CDEDC8F00BAE438 /* WebViewHandler.m */ = {isa = PBXFileReference; fileEncoding = 4; lastKnownFileType = sourcecode.c.objc; path = WebViewHandler.m; sourceTree = SOURCE_ROOT; };
		AB1E724E1C712ED600699E69 /* SparkWebBrowserTests.m */ = {isa = PBXFileReference; fileEncoding = 4; lastKnownFileType = sourcecode.c.objc; name = SparkWebBrowserTests.m; path = ../../../../../SparkWebBrowserTests.m; sourceTree = "<group>"; };
		AB83980419817D8E001D31B7 /* Spark Web Browser.app */ = {isa = PBXFileReference; explicitFileType = wrapper.application; includeInIndex = 0; path = "Spark Web Browser.app"; sourceTree = BUILT_PRODUCTS_DIR; };
		AB83980719817D8E001D31B7 /* Cocoa.framework */ = {isa = PBXFileReference; lastKnownFileType = wrapper.framework; name = Cocoa.framework; path = System/Library/Frameworks/Cocoa.framework; sourceTree = SDKROOT; };
		AB83980A19817D8E001D31B7 /* AppKit.framework */ = {isa = PBXFileReference; lastKnownFileType = wrapper.framework; name = AppKit.framework; path = System/Library/Frameworks/AppKit.framework; sourceTree = SDKROOT; };
		AB83980B19817D8E001D31B7 /* CoreData.framework */ = {isa = PBXFileReference; lastKnownFileType = wrapper.framework; name = CoreData.framework; path = System/Library/Frameworks/CoreData.framework; sourceTree = SDKROOT; };
		AB83980C19817D8E001D31B7 /* Foundation.framework */ = {isa = PBXFileReference; lastKnownFileType = wrapper.framework; name = Foundation.framework; path = System/Library/Frameworks/Foundation.framework; sourceTree = SDKROOT; };
		AB83982519817D8E001D31B7 /* Spark Web BrowserTests.xctest */ = {isa = PBXFileReference; explicitFileType = wrapper.cfbundle; includeInIndex = 0; path = "Spark Web BrowserTests.xctest"; sourceTree = BUILT_PRODUCTS_DIR; };
		AB83982619817D8E001D31B7 /* XCTest.framework */ = {isa = PBXFileReference; lastKnownFileType = wrapper.framework; name = XCTest.framework; path = Library/Frameworks/XCTest.framework; sourceTree = DEVELOPER_DIR; };
		AB83982F19817D8E001D31B7 /* en */ = {isa = PBXFileReference; lastKnownFileType = text.plist.strings; name = en; path = en.lproj/InfoPlist.strings; sourceTree = "<group>"; };
		AB83983B19817E15001D31B7 /* WebKit.framework */ = {isa = PBXFileReference; lastKnownFileType = wrapper.framework; name = WebKit.framework; path = System/Library/Frameworks/WebKit.framework; sourceTree = SDKROOT; };
/* End PBXFileReference section */

/* Begin PBXFrameworksBuildPhase section */
		AB83980119817D8E001D31B7 /* Frameworks */ = {
			isa = PBXFrameworksBuildPhase;
			buildActionMask = 2147483647;
			files = (
				AB04FD341C712D5600F08232 /* WebKit.framework in Frameworks */,
				AB04FD331C712D5200F08232 /* Cocoa.framework in Frameworks */,
			);
			runOnlyForDeploymentPostprocessing = 0;
		};
		AB83982219817D8E001D31B7 /* Frameworks */ = {
			isa = PBXFrameworksBuildPhase;
			buildActionMask = 2147483647;
			files = (
				AB83982819817D8E001D31B7 /* Cocoa.framework in Frameworks */,
				AB83982719817D8E001D31B7 /* XCTest.framework in Frameworks */,
			);
			runOnlyForDeploymentPostprocessing = 0;
		};
/* End PBXFrameworksBuildPhase section */

/* Begin PBXGroup section */
		AB8397FB19817D8D001D31B7 = {
			isa = PBXGroup;
			children = (
				AB83980D19817D8E001D31B7 /* SparkWebBrowser */,
				AB83982B19817D8E001D31B7 /* SparkWebBrowserTests */,
				AB83980619817D8E001D31B7 /* Frameworks */,
				AB83980519817D8E001D31B7 /* Products */,
			);
			sourceTree = "<group>";
		};
		AB83980519817D8E001D31B7 /* Products */ = {
			isa = PBXGroup;
			children = (
				AB83980419817D8E001D31B7 /* Spark Web Browser.app */,
				AB83982519817D8E001D31B7 /* Spark Web BrowserTests.xctest */,
			);
			name = Products;
			sourceTree = "<group>";
		};
		AB83980619817D8E001D31B7 /* Frameworks */ = {
			isa = PBXGroup;
			children = (
				AB83983B19817E15001D31B7 /* WebKit.framework */,
				AB83980719817D8E001D31B7 /* Cocoa.framework */,
				AB83982619817D8E001D31B7 /* XCTest.framework */,
				AB83980919817D8E001D31B7 /* Other Frameworks */,
			);
			name = Frameworks;
			sourceTree = "<group>";
		};
		AB83980919817D8E001D31B7 /* Other Frameworks */ = {
			isa = PBXGroup;
			children = (
				AB83980A19817D8E001D31B7 /* AppKit.framework */,
				AB83980B19817D8E001D31B7 /* CoreData.framework */,
				AB83980C19817D8E001D31B7 /* Foundation.framework */,
			);
			name = "Other Frameworks";
			sourceTree = "<group>";
		};
		AB83980D19817D8E001D31B7 /* SparkWebBrowser */ = {
			isa = PBXGroup;
			children = (
				AB04FD031C712BB500F08232 /* AppDelegate.h */,
				AB04FD041C712BB500F08232 /* AppDelegate.m */,
				AB124B5B1CDEDC8F00BAE438 /* WebViewHandler.h */,
				AB124B5C1CDEDC8F00BAE438 /* WebViewHandler.m */,
				AB04FD111C712C6000F08232 /* MainMenu.xib */,
				AB04FD011C712BAD00F08232 /* Images.xcassets */,
				AB83980E19817D8E001D31B7 /* Supporting Files */,
			);
			name = SparkWebBrowser;
			path = "Web Browser";
			sourceTree = "<group>";
		};
		AB83980E19817D8E001D31B7 /* Supporting Files */ = {
			isa = PBXGroup;
			children = (
				AB04FD081C712BD700F08232 /* Spark Web Browser-Info.plist */,
				AB04FD0A1C712BDB00F08232 /* main.m */,
				AB04FD141C712C7100F08232 /* Credits.rtf */,
				AB04FD161C712C7100F08232 /* InfoPlist.strings */,
				AB04FD0B1C712BDB00F08232 /* Spark Web Browser-Prefix.pch */,
			);
			name = "Supporting Files";
			sourceTree = "<group>";
		};
		AB83982B19817D8E001D31B7 /* SparkWebBrowserTests */ = {
			isa = PBXGroup;
			children = (
				AB1E724E1C712ED600699E69 /* SparkWebBrowserTests.m */,
				AB83982C19817D8E001D31B7 /* Supporting Files */,
			);
			name = SparkWebBrowserTests;
			path = "Web BrowserTests";
			sourceTree = "<group>";
		};
		AB83982C19817D8E001D31B7 /* Supporting Files */ = {
			isa = PBXGroup;
			children = (
				AB04FD0D1C712BE900F08232 /* Spark Web BrowserTests-Info.plist */,
				AB83982E19817D8E001D31B7 /* InfoPlist.strings */,
			);
			name = "Supporting Files";
			sourceTree = "<group>";
		};
/* End PBXGroup section */

/* Begin PBXNativeTarget section */
		AB83980319817D8E001D31B7 /* Spark Web Browser */ = {
			isa = PBXNativeTarget;
			buildConfigurationList = AB83983519817D8E001D31B7 /* Build configuration list for PBXNativeTarget "Spark Web Browser" */;
			buildPhases = (
				AB83980019817D8E001D31B7 /* Sources */,
				AB83980119817D8E001D31B7 /* Frameworks */,
				AB83980219817D8E001D31B7 /* Resources */,
				AB04FD321C712D2D00F08232 /* Embed Frameworks */,
			);
			buildRules = (
			);
			dependencies = (
			);
			name = "Spark Web Browser";
			productName = "Web Browser";
			productReference = AB83980419817D8E001D31B7 /* Spark Web Browser.app */;
			productType = "com.apple.product-type.application";
		};
		AB83982419817D8E001D31B7 /* Spark Web BrowserTests */ = {
			isa = PBXNativeTarget;
			buildConfigurationList = AB83983819817D8E001D31B7 /* Build configuration list for PBXNativeTarget "Spark Web BrowserTests" */;
			buildPhases = (
				AB83982119817D8E001D31B7 /* Sources */,
				AB83982219817D8E001D31B7 /* Frameworks */,
				AB83982319817D8E001D31B7 /* Resources */,
			);
			buildRules = (
			);
			dependencies = (
				AB83982A19817D8E001D31B7 /* PBXTargetDependency */,
			);
			name = "Spark Web BrowserTests";
			productName = "Web BrowserTests";
			productReference = AB83982519817D8E001D31B7 /* Spark Web BrowserTests.xctest */;
			productType = "com.apple.product-type.bundle.unit-test";
		};
/* End PBXNativeTarget section */

/* Begin PBXProject section */
		AB8397FC19817D8D001D31B7 /* Project object */ = {
			isa = PBXProject;
			attributes = {
				LastUpgradeCheck = 0720;
				ORGANIZATIONNAME = Insleep;
				TargetAttributes = {
					AB83982419817D8E001D31B7 = {
						TestTargetID = AB83980319817D8E001D31B7;
					};
				};
			};
			buildConfigurationList = AB8397FF19817D8D001D31B7 /* Build configuration list for PBXProject "Spark Web Browser" */;
			compatibilityVersion = "Xcode 3.2";
			developmentRegion = English;
			hasScannedForEncodings = 0;
			knownRegions = (
				en,
				Base,
			);
			mainGroup = AB8397FB19817D8D001D31B7;
			productRefGroup = AB83980519817D8E001D31B7 /* Products */;
			projectDirPath = "";
			projectRoot = "";
			targets = (
				AB83980319817D8E001D31B7 /* Spark Web Browser */,
				AB83982419817D8E001D31B7 /* Spark Web BrowserTests */,
			);
		};
/* End PBXProject section */

/* Begin PBXResourcesBuildPhase section */
		AB83980219817D8E001D31B7 /* Resources */ = {
			isa = PBXResourcesBuildPhase;
			buildActionMask = 2147483647;
			files = (
				AB04FD021C712BAD00F08232 /* Images.xcassets in Resources */,
				AB04FD191C712C7100F08232 /* InfoPlist.strings in Resources */,
				AB04FD181C712C7100F08232 /* Credits.rtf in Resources */,
				AB04FD0F1C712BE900F08232 /* Spark Web BrowserTests-Info.plist in Resources */,
				AB04FD131C712C6000F08232 /* MainMenu.xib in Resources */,
			);
			runOnlyForDeploymentPostprocessing = 0;
		};
		AB83982319817D8E001D31B7 /* Resources */ = {
			isa = PBXResourcesBuildPhase;
			buildActionMask = 2147483647;
			files = (
				AB83983019817D8E001D31B7 /* InfoPlist.strings in Resources */,
			);
			runOnlyForDeploymentPostprocessing = 0;
		};
/* End PBXResourcesBuildPhase section */

/* Begin PBXSourcesBuildPhase section */
		AB83980019817D8E001D31B7 /* Sources */ = {
			isa = PBXSourcesBuildPhase;
			buildActionMask = 2147483647;
			files = (
				AB124B5D1CDEDC8F00BAE438 /* WebViewHandler.m in Sources */,
				AB04FD0C1C712BDB00F08232 /* main.m in Sources */,
				AB04FD051C712BB500F08232 /* AppDelegate.m in Sources */,
			);
			runOnlyForDeploymentPostprocessing = 0;
		};
		AB83982119817D8E001D31B7 /* Sources */ = {
			isa = PBXSourcesBuildPhase;
			buildActionMask = 2147483647;
			files = (
				AB1E724F1C712ED600699E69 /* SparkWebBrowserTests.m in Sources */,
			);
			runOnlyForDeploymentPostprocessing = 0;
		};
/* End PBXSourcesBuildPhase section */

/* Begin PBXTargetDependency section */
		AB83982A19817D8E001D31B7 /* PBXTargetDependency */ = {
			isa = PBXTargetDependency;
			target = AB83980319817D8E001D31B7 /* Spark Web Browser */;
			targetProxy = AB83982919817D8E001D31B7 /* PBXContainerItemProxy */;
		};
/* End PBXTargetDependency section */

/* Begin PBXVariantGroup section */
		AB04FD111C712C6000F08232 /* MainMenu.xib */ = {
			isa = PBXVariantGroup;
			children = (
				AB04FD121C712C6000F08232 /* Base */,
			);
			name = MainMenu.xib;
			sourceTree = "<group>";
		};
		AB04FD141C712C7100F08232 /* Credits.rtf */ = {
			isa = PBXVariantGroup;
			children = (
				AB04FD151C712C7100F08232 /* en */,
			);
			name = Credits.rtf;
			sourceTree = "<group>";
		};
		AB04FD161C712C7100F08232 /* InfoPlist.strings */ = {
			isa = PBXVariantGroup;
			children = (
				AB04FD171C712C7100F08232 /* en */,
			);
			name = InfoPlist.strings;
			sourceTree = "<group>";
		};
		AB83982E19817D8E001D31B7 /* InfoPlist.strings */ = {
			isa = PBXVariantGroup;
			children = (
				AB83982F19817D8E001D31B7 /* en */,
			);
			name = InfoPlist.strings;
			sourceTree = "<group>";
		};
/* End PBXVariantGroup section */

/* Begin XCBuildConfiguration section */
		AB83983319817D8E001D31B7 /* Debug */ = {
			isa = XCBuildConfiguration;
			buildSettings = {
				ALWAYS_SEARCH_USER_PATHS = NO;
				CLANG_CXX_LANGUAGE_STANDARD = "gnu++0x";
				CLANG_CXX_LIBRARY = "libc++";
				CLANG_ENABLE_MODULES = YES;
				CLANG_ENABLE_OBJC_ARC = YES;
				CLANG_WARN_BOOL_CONVERSION = YES;
				CLANG_WARN_CONSTANT_CONVERSION = YES;
				CLANG_WARN_DIRECT_OBJC_ISA_USAGE = YES_ERROR;
				CLANG_WARN_EMPTY_BODY = YES;
				CLANG_WARN_ENUM_CONVERSION = YES;
				CLANG_WARN_INT_CONVERSION = YES;
				CLANG_WARN_OBJC_ROOT_CLASS = YES_ERROR;
				CLANG_WARN__DUPLICATE_METHOD_MATCH = YES;
				COPY_PHASE_STRIP = NO;
				ENABLE_TESTABILITY = YES;
				FRAMEWORK_SEARCH_PATHS = (
					"$(inherited)",
					"$(SDKROOT)/Developer/Library/Frameworks\n",
				);
				GCC_C_LANGUAGE_STANDARD = gnu99;
				GCC_DYNAMIC_NO_PIC = NO;
				GCC_ENABLE_OBJC_EXCEPTIONS = YES;
				GCC_OPTIMIZATION_LEVEL = 0;
				GCC_PREPROCESSOR_DEFINITIONS = (
					"DEBUG=1",
					"$(inherited)",
				);
				GCC_SYMBOLS_PRIVATE_EXTERN = NO;
				GCC_WARN_64_TO_32_BIT_CONVERSION = YES;
				GCC_WARN_ABOUT_RETURN_TYPE = YES_ERROR;
				GCC_WARN_UNDECLARED_SELECTOR = YES;
				GCC_WARN_UNINITIALIZED_AUTOS = YES_AGGRESSIVE;
				GCC_WARN_UNUSED_FUNCTION = YES;
				GCC_WARN_UNUSED_VARIABLE = YES;
				MACOSX_DEPLOYMENT_TARGET = 10.11;
				ONLY_ACTIVE_ARCH = YES;
				SDKROOT = macosx;
			};
			name = Debug;
		};
		AB83983419817D8E001D31B7 /* Release */ = {
			isa = XCBuildConfiguration;
			buildSettings = {
				ALWAYS_SEARCH_USER_PATHS = NO;
				CLANG_CXX_LANGUAGE_STANDARD = "gnu++0x";
				CLANG_CXX_LIBRARY = "libc++";
				CLANG_ENABLE_MODULES = YES;
				CLANG_ENABLE_OBJC_ARC = YES;
				CLANG_WARN_BOOL_CONVERSION = YES;
				CLANG_WARN_CONSTANT_CONVERSION = YES;
				CLANG_WARN_DIRECT_OBJC_ISA_USAGE = YES_ERROR;
				CLANG_WARN_EMPTY_BODY = YES;
				CLANG_WARN_ENUM_CONVERSION = YES;
				CLANG_WARN_INT_CONVERSION = YES;
				CLANG_WARN_OBJC_ROOT_CLASS = YES_ERROR;
				CLANG_WARN__DUPLICATE_METHOD_MATCH = YES;
				COPY_PHASE_STRIP = YES;
				DEBUG_INFORMATION_FORMAT = "dwarf-with-dsym";
				ENABLE_NS_ASSERTIONS = NO;
				FRAMEWORK_SEARCH_PATHS = (
					"$(inherited)",
					"$(SDKROOT)/Developer/Library/Frameworks\n",
				);
				GCC_C_LANGUAGE_STANDARD = gnu99;
				GCC_ENABLE_OBJC_EXCEPTIONS = YES;
				GCC_WARN_64_TO_32_BIT_CONVERSION = YES;
				GCC_WARN_ABOUT_RETURN_TYPE = YES_ERROR;
				GCC_WARN_UNDECLARED_SELECTOR = YES;
				GCC_WARN_UNINITIALIZED_AUTOS = YES_AGGRESSIVE;
				GCC_WARN_UNUSED_FUNCTION = YES;
				GCC_WARN_UNUSED_VARIABLE = YES;
				MACOSX_DEPLOYMENT_TARGET = 10.11;
				SDKROOT = macosx;
			};
			name = Release;
		};
		AB83983619817D8E001D31B7 /* Debug */ = {
			isa = XCBuildConfiguration;
			buildSettings = {
				ASSETCATALOG_COMPILER_APPICON_NAME = AppIcon;
				COMBINE_HIDPI_IMAGES = YES;
				FRAMEWORK_SEARCH_PATHS = "";
				GCC_PRECOMPILE_PREFIX_HEADER = YES;
				GCC_PREFIX_HEADER = "SparkWebBrowser/Spark Web Browser-Prefix.pch";
				INFOPLIST_FILE = "SparkWebBrowser/Spark Web Browser-Info.plist";
				LD_RUNPATH_SEARCH_PATHS = "$(inherited) @executable_path/../Frameworks";
				MACOSX_DEPLOYMENT_TARGET = 10.11;
				PRODUCT_BUNDLE_IDENTIFIER = "com.insleep.Spark-Web-Browser";
				PRODUCT_NAME = "Spark Web Browser";
				WRAPPER_EXTENSION = app;
			};
			name = Debug;
		};
		AB83983719817D8E001D31B7 /* Release */ = {
			isa = XCBuildConfiguration;
			buildSettings = {
				ASSETCATALOG_COMPILER_APPICON_NAME = AppIcon;
				COMBINE_HIDPI_IMAGES = YES;
				FRAMEWORK_SEARCH_PATHS = "";
				GCC_PRECOMPILE_PREFIX_HEADER = YES;
				GCC_PREFIX_HEADER = "SparkWebBrowser/Spark Web Browser-Prefix.pch";
				INFOPLIST_FILE = "SparkWebBrowser/Spark Web Browser-Info.plist";
				LD_RUNPATH_SEARCH_PATHS = "$(inherited) @executable_path/../Frameworks";
				MACOSX_DEPLOYMENT_TARGET = 10.11;
				PRODUCT_BUNDLE_IDENTIFIER = "com.insleep.Spark-Web-Browser";
				PRODUCT_NAME = "Spark Web Browser";
				WRAPPER_EXTENSION = app;
			};
			name = Release;
		};
		AB83983919817D8E001D31B7 /* Debug */ = {
			isa = XCBuildConfiguration;
			buildSettings = {
				BUNDLE_LOADER = "$(BUILT_PRODUCTS_DIR)/Web Browser.app/Contents/MacOS/Web Browser";
				COMBINE_HIDPI_IMAGES = YES;
				FRAMEWORK_SEARCH_PATHS = "";
				GCC_PRECOMPILE_PREFIX_HEADER = YES;
				GCC_PREFIX_HEADER = "SparkWebBrowser/SparkWebBrowser-Prefix.pch";
				GCC_PREPROCESSOR_DEFINITIONS = (
					"DEBUG=1",
					"$(inherited)",
				);
				INFOPLIST_FILE = "SparkWebBrowserTests/Spark Web BrowserTests-Info.plist";
				PRODUCT_BUNDLE_IDENTIFIER = "com.insleep.${PRODUCT_NAME:rfc1034identifier}";
				PRODUCT_NAME = "Spark Web BrowserTests";
				TEST_HOST = "$(BUNDLE_LOADER)";
				WRAPPER_EXTENSION = xctest;
			};
			name = Debug;
		};
		AB83983A19817D8E001D31B7 /* Release */ = {
			isa = XCBuildConfiguration;
			buildSettings = {
				BUNDLE_LOADER = "$(BUILT_PRODUCTS_DIR)/Web Browser.app/Contents/MacOS/Web Browser";
				COMBINE_HIDPI_IMAGES = YES;
				FRAMEWORK_SEARCH_PATHS = "";
				GCC_PRECOMPILE_PREFIX_HEADER = YES;
				GCC_PREFIX_HEADER = "SparkWebBrowser/SparkWebBrowser-Prefix.pch";
				INFOPLIST_FILE = "SparkWebBrowserTests/Spark Web BrowserTests-Info.plist";
				PRODUCT_BUNDLE_IDENTIFIER = "com.insleep.${PRODUCT_NAME:rfc1034identifier}";
				PRODUCT_NAME = "Spark Web BrowserTests";
				TEST_HOST = "$(BUNDLE_LOADER)";
				WRAPPER_EXTENSION = xctest;
			};
			name = Release;
		};
/* End XCBuildConfiguration section */

/* Begin XCConfigurationList section */
		AB8397FF19817D8D001D31B7 /* Build configuration list for PBXProject "Spark Web Browser" */ = {
			isa = XCConfigurationList;
			buildConfigurations = (
				AB83983319817D8E001D31B7 /* Debug */,
				AB83983419817D8E001D31B7 /* Release */,
			);
			defaultConfigurationIsVisible = 0;
			defaultConfigurationName = Release;
		};
		AB83983519817D8E001D31B7 /* Build configuration list for PBXNativeTarget "Spark Web Browser" */ = {
			isa = XCConfigurationList;
			buildConfigurations = (
				AB83983619817D8E001D31B7 /* Debug */,
				AB83983719817D8E001D31B7 /* Release */,
			);
			defaultConfigurationIsVisible = 0;
			defaultConfigurationName = Release;
		};
		AB83983819817D8E001D31B7 /* Build configuration list for PBXNativeTarget "Spark Web BrowserTests" */ = {
			isa = XCConfigurationList;
			buildConfigurations = (
				AB83983919817D8E001D31B7 /* Debug */,
				AB83983A19817D8E001D31B7 /* Release */,
			);
			defaultConfigurationIsVisible = 0;
			defaultConfigurationName = Release;
		};
/* End XCConfigurationList section */
	};
	rootObject = AB8397FC19817D8D001D31B7 /* Project object */;
}
